{
  "pins" : [
    {
      "identity" : "swift-argument-parser",
      "kind" : "remoteSourceControl",
      "location" : "https://github.com/apple/swift-argument-parser",
      "state" : {
        "revision" : "cdd0ef3755280949551dc26dee5de9ddeda89f54",
        "version" : "1.6.2"
      }
    },
    {
      "identity" : "swift-subprocess",
      "kind" : "remoteSourceControl",
      "location" : "https://github.com/swiftlang/swift-subprocess",
      "state" : {
        "branch" : "main",
        "revision" : "00b04968cda6f33c6024566d784c356a0d3ab508"
      }
    },
    {
      "identity" : "swift-system",
      "kind" : "remoteSourceControl",
      "location" : "https://github.com/apple/swift-system",
      "state" : {
        "revision" : "395a77f0aa927f0ff73941d7ac35f2b46d47c9db",
        "version" : "1.6.3"
      }
    }
  ],
  "version" : 2
}
